PODS:
  - CocoaImageHashing (1.9.0)
  - CocoaLumberjack (3.7.2):
    - CocoaLumberjack/Core (= 3.7.2)
  - CocoaLumberjack/Core (3.7.2)
  - DashSharedCore (0.5.1)
  - DashSync (0.1.0):
    - CocoaLumberjack (= 3.7.2)
    - DashSharedCore (= 0.5.1)
    - DSDynamicOptions (= 0.1.2)
    - DWAlertController (= 0.2.1)
  - DSDynamicOptions (0.1.2)
  - DWAlertController (0.2.1)
  - KVO-MVVM (0.5.1)
  - SDWebImage (5.21.0):
    - SDWebImage/Core (= 5.21.0)
  - SDWebImage/Core (5.21.0)

DEPENDENCIES:
  - CocoaImageHashing (from `https://github.com/ameingast/cocoaimagehashing.git`, commit `ad01eee`)
  - DashSharedCore (from `../../dash-shared-core-ferment/`)
  - DashSync (from `../`)
  - KVO-MVVM (= 0.5.1)
  - SDWebImage (= 5.21.0)

SPEC REPOS:
  trunk:
    - CocoaLumberjack
    - DSDynamicOptions
    - DWAlertController
    - KVO-MVVM
    - SDWebImage

EXTERNAL SOURCES:
  CocoaImageHashing:
    :commit: ad01eee
    :git: https://github.com/ameingast/cocoaimagehashing.git
  DashSharedCore:
    :path: "../../dash-shared-core-ferment/"
  DashSync:
    :path: "../"

CHECKOUT OPTIONS:
  CocoaImageHashing:
    :commit: ad01eee
    :git: https://github.com/ameingast/cocoaimagehashing.git

SPEC CHECKSUMS:
  CocoaImageHashing: 8656031d0899abe6c1c415827de43e9798189c53
  CocoaLumberjack: b7e05132ff94f6ae4dfa9d5bce9141893a21d9da
  DashSharedCore: 37eda0b2954bf605aa4afa310d9ab4474fff9097
  DashSync: 8d090412f8041f916fdeed32fc5814d88538856c
  DSDynamicOptions: 347cc5d2c4e080eb3de6a86719ad3d861b82adfc
  DWAlertController: 5f4cd8adf90336331c054857f709f5f8d4b16a5b
  KVO-MVVM: 4df3afd1f7ebcb69735458b85db59c4271ada7c6
  SDWebImage: f84b0feeb08d2d11e6a9b843cb06d75ebf5b8868

PODFILE CHECKSUM: 45f72cc47868b7f63c3c149723d1e03b70c88dec

COCOAPODS: 1.15.2
