PODS:
  - bls-signatures-pod (0.2.9)
  - DashSync (0.1.0):
    - bls-signatures-pod (= 0.2.9)
    - secp256k1_dash (= 0.1.2)
  - ios-dpp (0.0.1):
    - TinyCborObjc (= 0.4.1)
  - KVO-MVVM (0.5.1)
  - secp256k1_dash (0.1.2)
  - tinycbor (0.5.3-alpha3)
  - TinyCborObjc (0.4.1):
    - tinycbor (= 0.5.3-alpha3)

DEPENDENCIES:
  - DashSync (from `../`)
  - ios-dpp (from `https://github.com/dashevo/ios-dpp.git`, commit `9892123`, branch `supernova`)
  - KVO-MVVM (= 0.5.1)

SPEC REPOS:
  https://github.com/cocoapods/specs.git:
    - bls-signatures-pod
    - KVO-MVVM
    - secp256k1_dash
    - tinycbor
    - TinyCborObjc

EXTERNAL SOURCES:
  DashSync:
    :path: "../"
  ios-dpp:
    :branch: supernova
    :commit: '9892123'
    :git: https://github.com/dashevo/ios-dpp.git

CHECKOUT OPTIONS:
  ios-dpp:
    :commit: 9892123395e6b0521b97a2aaa18cead885858cd1
    :git: https://github.com/dashevo/ios-dpp.git

SPEC CHECKSUMS:
  bls-signatures-pod: 56adce76843f10f484ff996c33aee36cfd98ae5e
  DashSync: 421125885841a5c20e8a2409718067acf9921f14
  ios-dpp: 49fd8a6b749bdfd770dd3debbf5efea80df92c3c
  KVO-MVVM: 4df3afd1f7ebcb69735458b85db59c4271ada7c6
  secp256k1_dash: 7fdbc23e3e8a27d522ec211b874d97fb091c2b23
  tinycbor: f3596b9acc8493b19c9e0cc2d0417d9c7aa58daa
  TinyCborObjc: e36a42aad1134bc6eaa61b68afa4442d48e327f2

PODFILE CHECKSUM: e0f88a133569311db0542599f1299a1782b1256d

COCOAPODS: 1.6.1
