// !$*UTF8*$!
{
	archiveVersion = 1;
	classes = {
	};
	objectVersion = 46;
	objects = {

/* Begin PBXBuildFile section */
		4E82B138191525F4D3E4D175 /* libPods-DashSync_Example.a in Frameworks */ = {isa = PBXBuildFile; fileRef = 825B33F19FEBBA03353877A6 /* libPods-DashSync_Example.a */; };
		6003F58E195388D20070C39A /* Foundation.framework in Frameworks */ = {isa = PBXBuildFile; fileRef = 6003F58D195388D20070C39A /* Foundation.framework */; };
		6003F590195388D20070C39A /* CoreGraphics.framework in Frameworks */ = {isa = PBXBuildFile; fileRef = 6003F58F195388D20070C39A /* CoreGraphics.framework */; };
		6003F592195388D20070C39A /* UIKit.framework in Frameworks */ = {isa = PBXBuildFile; fileRef = 6003F591195388D20070C39A /* UIKit.framework */; };
		6003F598195388D20070C39A /* InfoPlist.strings in Resources */ = {isa = PBXBuildFile; fileRef = 6003F596195388D20070C39A /* InfoPlist.strings */; };
		6003F59A195388D20070C39A /* main.m in Sources */ = {isa = PBXBuildFile; fileRef = 6003F599195388D20070C39A /* main.m */; };
		6003F59E195388D20070C39A /* DSAppDelegate.m in Sources */ = {isa = PBXBuildFile; fileRef = 6003F59D195388D20070C39A /* DSAppDelegate.m */; };
		6003F5A7195388D20070C39A /* DSSyncViewController.m in Sources */ = {isa = PBXBuildFile; fileRef = 6003F5A6195388D20070C39A /* DSSyncViewController.m */; };
		6003F5A9195388D20070C39A /* Images.xcassets in Resources */ = {isa = PBXBuildFile; fileRef = 6003F5A8195388D20070C39A /* Images.xcassets */; };
		6003F5B0195388D20070C39A /* XCTest.framework in Frameworks */ = {isa = PBXBuildFile; fileRef = 6003F5AF195388D20070C39A /* XCTest.framework */; };
		6003F5B1195388D20070C39A /* Foundation.framework in Frameworks */ = {isa = PBXBuildFile; fileRef = 6003F58D195388D20070C39A /* Foundation.framework */; };
		6003F5B2195388D20070C39A /* UIKit.framework in Frameworks */ = {isa = PBXBuildFile; fileRef = 6003F591195388D20070C39A /* UIKit.framework */; };
		6003F5BA195388D20070C39A /* InfoPlist.strings in Resources */ = {isa = PBXBuildFile; fileRef = 6003F5B8195388D20070C39A /* InfoPlist.strings */; };
		6003F5BC195388D20070C39A /* Tests.m in Sources */ = {isa = PBXBuildFile; fileRef = 6003F5BB195388D20070C39A /* Tests.m */; };
		71719F9F1E33DC2100824A3D /* LaunchScreen.storyboard in Resources */ = {isa = PBXBuildFile; fileRef = 71719F9D1E33DC2100824A3D /* LaunchScreen.storyboard */; };
		83CFCA70892A5DF9F64BA1AA /* libPods-DashSync_Tests.a in Frameworks */ = {isa = PBXBuildFile; fileRef = 955D615511918752AF099181 /* libPods-DashSync_Tests.a */; };
		873B8AEB1B1F5CCA007FD442 /* Main.storyboard in Resources */ = {isa = PBXBuildFile; fileRef = 873B8AEA1B1F5CCA007FD442 /* Main.storyboard */; };
		FB6DC62520AB63AC00E35EED /* DSSettingsViewController.m in Sources */ = {isa = PBXBuildFile; fileRef = FB6DC62420AB63AC00E35EED /* DSSettingsViewController.m */; };
		FB6DC62920AB64F400E35EED /* DSChainsViewController.m in Sources */ = {isa = PBXBuildFile; fileRef = FB6DC62820AB64F400E35EED /* DSChainsViewController.m */; };
		FB6DC62C20AB678500E35EED /* DSChainTableViewCell.m in Sources */ = {isa = PBXBuildFile; fileRef = FB6DC62B20AB678500E35EED /* DSChainTableViewCell.m */; };
		FB6DC63320AE082400E35EED /* DSWalletInputPhraseViewController.m in Sources */ = {isa = PBXBuildFile; fileRef = FB6DC63220AE082400E35EED /* DSWalletInputPhraseViewController.m */; };
		FB763C522089776A00CDBA57 /* DSWalletViewController.m in Sources */ = {isa = PBXBuildFile; fileRef = FB763C512089776A00CDBA57 /* DSWalletViewController.m */; };
		FB763C5620897B0F00CDBA57 /* DSWalletTableViewCell.m in Sources */ = {isa = PBXBuildFile; fileRef = FB763C5520897B0F00CDBA57 /* DSWalletTableViewCell.m */; };
		FB763C622089AF9500CDBA57 /* DSStandaloneAddressesViewController.m in Sources */ = {isa = PBXBuildFile; fileRef = FB763C612089AF9500CDBA57 /* DSStandaloneAddressesViewController.m */; };
		FB763C652089B0A700CDBA57 /* DSAddressTableViewCell.m in Sources */ = {isa = PBXBuildFile; fileRef = FB763C642089B0A700CDBA57 /* DSAddressTableViewCell.m */; };
		FB90D2B420BD2BDD002B7956 /* DSSporksViewController.m in Sources */ = {isa = PBXBuildFile; fileRef = FB90D2B320BD2BDD002B7956 /* DSSporksViewController.m */; };
		FB90D2B720BD2CFA002B7956 /* DSSporkTableViewCell.m in Sources */ = {isa = PBXBuildFile; fileRef = FB90D2B620BD2CFA002B7956 /* DSSporkTableViewCell.m */; };
/* End PBXBuildFile section */

/* Begin PBXContainerItemProxy section */
		6003F5B3195388D20070C39A /* PBXContainerItemProxy */ = {
			isa = PBXContainerItemProxy;
			containerPortal = 6003F582195388D10070C39A /* Project object */;
			proxyType = 1;
			remoteGlobalIDString = 6003F589195388D20070C39A;
			remoteInfo = DashSync;
		};
/* End PBXContainerItemProxy section */

/* Begin PBXFileReference section */
		27552411E6D7D4041AC16526 /* LICENSE */ = {isa = PBXFileReference; includeInIndex = 1; lastKnownFileType = text; name = LICENSE; path = ../LICENSE; sourceTree = "<group>"; };
		2CB0B2B92A8EA70CAE7DC362 /* Pods-DashSync_Example.release.xcconfig */ = {isa = PBXFileReference; includeInIndex = 1; lastKnownFileType = text.xcconfig; name = "Pods-DashSync_Example.release.xcconfig"; path = "Pods/Target Support Files/Pods-DashSync_Example/Pods-DashSync_Example.release.xcconfig"; sourceTree = "<group>"; };
		6003F58A195388D20070C39A /* DashSync_Example.app */ = {isa = PBXFileReference; explicitFileType = wrapper.application; includeInIndex = 0; path = DashSync_Example.app; sourceTree = BUILT_PRODUCTS_DIR; };
		6003F58D195388D20070C39A /* Foundation.framework */ = {isa = PBXFileReference; lastKnownFileType = wrapper.framework; name = Foundation.framework; path = System/Library/Frameworks/Foundation.framework; sourceTree = SDKROOT; };
		6003F58F195388D20070C39A /* CoreGraphics.framework */ = {isa = PBXFileReference; lastKnownFileType = wrapper.framework; name = CoreGraphics.framework; path = System/Library/Frameworks/CoreGraphics.framework; sourceTree = SDKROOT; };
		6003F591195388D20070C39A /* UIKit.framework */ = {isa = PBXFileReference; lastKnownFileType = wrapper.framework; name = UIKit.framework; path = System/Library/Frameworks/UIKit.framework; sourceTree = SDKROOT; };
		6003F595195388D20070C39A /* DashSync-Info.plist */ = {isa = PBXFileReference; lastKnownFileType = text.plist.xml; path = "DashSync-Info.plist"; sourceTree = "<group>"; };
		6003F597195388D20070C39A /* en */ = {isa = PBXFileReference; lastKnownFileType = text.plist.strings; name = en; path = en.lproj/InfoPlist.strings; sourceTree = "<group>"; };
		6003F599195388D20070C39A /* main.m */ = {isa = PBXFileReference; lastKnownFileType = sourcecode.c.objc; path = main.m; sourceTree = "<group>"; };
		6003F59B195388D20070C39A /* DashSync-Prefix.pch */ = {isa = PBXFileReference; lastKnownFileType = sourcecode.c.h; path = "DashSync-Prefix.pch"; sourceTree = "<group>"; };
		6003F59C195388D20070C39A /* DSAppDelegate.h */ = {isa = PBXFileReference; lastKnownFileType = sourcecode.c.h; path = DSAppDelegate.h; sourceTree = "<group>"; };
		6003F59D195388D20070C39A /* DSAppDelegate.m */ = {isa = PBXFileReference; lastKnownFileType = sourcecode.c.objc; path = DSAppDelegate.m; sourceTree = "<group>"; };
		6003F5A5195388D20070C39A /* DSSyncViewController.h */ = {isa = PBXFileReference; lastKnownFileType = sourcecode.c.h; path = DSSyncViewController.h; sourceTree = "<group>"; };
		6003F5A6195388D20070C39A /* DSSyncViewController.m */ = {isa = PBXFileReference; lastKnownFileType = sourcecode.c.objc; path = DSSyncViewController.m; sourceTree = "<group>"; };
		6003F5A8195388D20070C39A /* Images.xcassets */ = {isa = PBXFileReference; lastKnownFileType = folder.assetcatalog; path = Images.xcassets; sourceTree = "<group>"; };
		6003F5AE195388D20070C39A /* DashSync_Tests.xctest */ = {isa = PBXFileReference; explicitFileType = wrapper.cfbundle; includeInIndex = 0; path = DashSync_Tests.xctest; sourceTree = BUILT_PRODUCTS_DIR; };
		6003F5AF195388D20070C39A /* XCTest.framework */ = {isa = PBXFileReference; lastKnownFileType = wrapper.framework; name = XCTest.framework; path = Library/Frameworks/XCTest.framework; sourceTree = DEVELOPER_DIR; };
		6003F5B7195388D20070C39A /* Tests-Info.plist */ = {isa = PBXFileReference; lastKnownFileType = text.plist.xml; path = "Tests-Info.plist"; sourceTree = "<group>"; };
		6003F5B9195388D20070C39A /* en */ = {isa = PBXFileReference; lastKnownFileType = text.plist.strings; name = en; path = en.lproj/InfoPlist.strings; sourceTree = "<group>"; };
		6003F5BB195388D20070C39A /* Tests.m */ = {isa = PBXFileReference; lastKnownFileType = sourcecode.c.objc; path = Tests.m; sourceTree = "<group>"; };
		606FC2411953D9B200FFA9A0 /* Tests-Prefix.pch */ = {isa = PBXFileReference; lastKnownFileType = sourcecode.c.h; path = "Tests-Prefix.pch"; sourceTree = "<group>"; };
		64A245673BBAE1DA7DAB4907 /* DashSync.podspec */ = {isa = PBXFileReference; includeInIndex = 1; lastKnownFileType = text; name = DashSync.podspec; path = ../DashSync.podspec; sourceTree = "<group>"; xcLanguageSpecificationIdentifier = xcode.lang.ruby; };
		71719F9E1E33DC2100824A3D /* Base */ = {isa = PBXFileReference; lastKnownFileType = file.storyboard; name = Base; path = Base.lproj/LaunchScreen.storyboard; sourceTree = "<group>"; };
		825B33F19FEBBA03353877A6 /* libPods-DashSync_Example.a */ = {isa = PBXFileReference; explicitFileType = archive.ar; includeInIndex = 0; path = "libPods-DashSync_Example.a"; sourceTree = BUILT_PRODUCTS_DIR; };
		873B8AEA1B1F5CCA007FD442 /* Main.storyboard */ = {isa = PBXFileReference; fileEncoding = 4; lastKnownFileType = file.storyboard; name = Main.storyboard; path = Base.lproj/Main.storyboard; sourceTree = "<group>"; };
		955D615511918752AF099181 /* libPods-DashSync_Tests.a */ = {isa = PBXFileReference; explicitFileType = archive.ar; includeInIndex = 0; path = "libPods-DashSync_Tests.a"; sourceTree = BUILT_PRODUCTS_DIR; };
		98472781BAD8800EFF391FA4 /* Pods-DashSync_Example.debug.xcconfig */ = {isa = PBXFileReference; includeInIndex = 1; lastKnownFileType = text.xcconfig; name = "Pods-DashSync_Example.debug.xcconfig"; path = "Pods/Target Support Files/Pods-DashSync_Example/Pods-DashSync_Example.debug.xcconfig"; sourceTree = "<group>"; };
		C90A9AD2C32828341F0E6915 /* Pods-DashSync_Tests.debug.xcconfig */ = {isa = PBXFileReference; includeInIndex = 1; lastKnownFileType = text.xcconfig; name = "Pods-DashSync_Tests.debug.xcconfig"; path = "Pods/Target Support Files/Pods-DashSync_Tests/Pods-DashSync_Tests.debug.xcconfig"; sourceTree = "<group>"; };
		DFA886AB709D97089A70E82A /* Pods-DashSync_Tests.release.xcconfig */ = {isa = PBXFileReference; includeInIndex = 1; lastKnownFileType = text.xcconfig; name = "Pods-DashSync_Tests.release.xcconfig"; path = "Pods/Target Support Files/Pods-DashSync_Tests/Pods-DashSync_Tests.release.xcconfig"; sourceTree = "<group>"; };
		E47ABFD6469F1FD556CDA6C7 /* README.md */ = {isa = PBXFileReference; includeInIndex = 1; lastKnownFileType = net.daringfireball.markdown; name = README.md; path = ../README.md; sourceTree = "<group>"; };
		FB6DC62320AB63AC00E35EED /* DSSettingsViewController.h */ = {isa = PBXFileReference; lastKnownFileType = sourcecode.c.h; path = DSSettingsViewController.h; sourceTree = "<group>"; };
		FB6DC62420AB63AC00E35EED /* DSSettingsViewController.m */ = {isa = PBXFileReference; lastKnownFileType = sourcecode.c.objc; path = DSSettingsViewController.m; sourceTree = "<group>"; };
		FB6DC62720AB64F400E35EED /* DSChainsViewController.h */ = {isa = PBXFileReference; lastKnownFileType = sourcecode.c.h; path = DSChainsViewController.h; sourceTree = "<group>"; };
		FB6DC62820AB64F400E35EED /* DSChainsViewController.m */ = {isa = PBXFileReference; lastKnownFileType = sourcecode.c.objc; path = DSChainsViewController.m; sourceTree = "<group>"; };
		FB6DC62A20AB678500E35EED /* DSChainTableViewCell.h */ = {isa = PBXFileReference; lastKnownFileType = sourcecode.c.h; path = DSChainTableViewCell.h; sourceTree = "<group>"; };
		FB6DC62B20AB678500E35EED /* DSChainTableViewCell.m */ = {isa = PBXFileReference; lastKnownFileType = sourcecode.c.objc; path = DSChainTableViewCell.m; sourceTree = "<group>"; };
		FB6DC63120AE082400E35EED /* DSWalletInputPhraseViewController.h */ = {isa = PBXFileReference; lastKnownFileType = sourcecode.c.h; path = DSWalletInputPhraseViewController.h; sourceTree = "<group>"; };
		FB6DC63220AE082400E35EED /* DSWalletInputPhraseViewController.m */ = {isa = PBXFileReference; lastKnownFileType = sourcecode.c.objc; path = DSWalletInputPhraseViewController.m; sourceTree = "<group>"; };
		FB763C502089776A00CDBA57 /* DSWalletViewController.h */ = {isa = PBXFileReference; lastKnownFileType = sourcecode.c.h; path = DSWalletViewController.h; sourceTree = "<group>"; };
		FB763C512089776A00CDBA57 /* DSWalletViewController.m */ = {isa = PBXFileReference; lastKnownFileType = sourcecode.c.objc; path = DSWalletViewController.m; sourceTree = "<group>"; };
		FB763C5420897B0F00CDBA57 /* DSWalletTableViewCell.h */ = {isa = PBXFileReference; lastKnownFileType = sourcecode.c.h; path = DSWalletTableViewCell.h; sourceTree = "<group>"; };
		FB763C5520897B0F00CDBA57 /* DSWalletTableViewCell.m */ = {isa = PBXFileReference; lastKnownFileType = sourcecode.c.objc; path = DSWalletTableViewCell.m; sourceTree = "<group>"; };
		FB763C602089AF9500CDBA57 /* DSStandaloneAddressesViewController.h */ = {isa = PBXFileReference; lastKnownFileType = sourcecode.c.h; path = DSStandaloneAddressesViewController.h; sourceTree = "<group>"; };
		FB763C612089AF9500CDBA57 /* DSStandaloneAddressesViewController.m */ = {isa = PBXFileReference; lastKnownFileType = sourcecode.c.objc; path = DSStandaloneAddressesViewController.m; sourceTree = "<group>"; };
		FB763C632089B0A700CDBA57 /* DSAddressTableViewCell.h */ = {isa = PBXFileReference; lastKnownFileType = sourcecode.c.h; path = DSAddressTableViewCell.h; sourceTree = "<group>"; };
		FB763C642089B0A700CDBA57 /* DSAddressTableViewCell.m */ = {isa = PBXFileReference; lastKnownFileType = sourcecode.c.objc; path = DSAddressTableViewCell.m; sourceTree = "<group>"; };
		FB90D2B220BD2BDD002B7956 /* DSSporksViewController.h */ = {isa = PBXFileReference; lastKnownFileType = sourcecode.c.h; path = DSSporksViewController.h; sourceTree = "<group>"; };
		FB90D2B320BD2BDD002B7956 /* DSSporksViewController.m */ = {isa = PBXFileReference; lastKnownFileType = sourcecode.c.objc; path = DSSporksViewController.m; sourceTree = "<group>"; };
		FB90D2B520BD2CFA002B7956 /* DSSporkTableViewCell.h */ = {isa = PBXFileReference; lastKnownFileType = sourcecode.c.h; path = DSSporkTableViewCell.h; sourceTree = "<group>"; };
		FB90D2B620BD2CFA002B7956 /* DSSporkTableViewCell.m */ = {isa = PBXFileReference; lastKnownFileType = sourcecode.c.objc; path = DSSporkTableViewCell.m; sourceTree = "<group>"; };
/* End PBXFileReference section */

/* Begin PBXFrameworksBuildPhase section */
		6003F587195388D20070C39A /* Frameworks */ = {
			isa = PBXFrameworksBuildPhase;
			buildActionMask = 2147483647;
			files = (
				6003F590195388D20070C39A /* CoreGraphics.framework in Frameworks */,
				6003F592195388D20070C39A /* UIKit.framework in Frameworks */,
				6003F58E195388D20070C39A /* Foundation.framework in Frameworks */,
				4E82B138191525F4D3E4D175 /* libPods-DashSync_Example.a in Frameworks */,
			);
			runOnlyForDeploymentPostprocessing = 0;
		};
		6003F5AB195388D20070C39A /* Frameworks */ = {
			isa = PBXFrameworksBuildPhase;
			buildActionMask = 2147483647;
			files = (
				6003F5B0195388D20070C39A /* XCTest.framework in Frameworks */,
				6003F5B2195388D20070C39A /* UIKit.framework in Frameworks */,
				6003F5B1195388D20070C39A /* Foundation.framework in Frameworks */,
				83CFCA70892A5DF9F64BA1AA /* libPods-DashSync_Tests.a in Frameworks */,
			);
			runOnlyForDeploymentPostprocessing = 0;
		};
/* End PBXFrameworksBuildPhase section */

/* Begin PBXGroup section */
		6003F581195388D10070C39A = {
			isa = PBXGroup;
			children = (
				60FF7A9C1954A5C5007DD14C /* Podspec Metadata */,
				6003F593195388D20070C39A /* Example for DashSync */,
				6003F5B5195388D20070C39A /* Tests */,
				6003F58C195388D20070C39A /* Frameworks */,
				6003F58B195388D20070C39A /* Products */,
				83DC6095687FDE098549FF30 /* Pods */,
			);
			sourceTree = "<group>";
		};
		6003F58B195388D20070C39A /* Products */ = {
			isa = PBXGroup;
			children = (
				6003F58A195388D20070C39A /* DashSync_Example.app */,
				6003F5AE195388D20070C39A /* DashSync_Tests.xctest */,
			);
			name = Products;
			sourceTree = "<group>";
		};
		6003F58C195388D20070C39A /* Frameworks */ = {
			isa = PBXGroup;
			children = (
				6003F58D195388D20070C39A /* Foundation.framework */,
				6003F58F195388D20070C39A /* CoreGraphics.framework */,
				6003F591195388D20070C39A /* UIKit.framework */,
				6003F5AF195388D20070C39A /* XCTest.framework */,
				825B33F19FEBBA03353877A6 /* libPods-DashSync_Example.a */,
				955D615511918752AF099181 /* libPods-DashSync_Tests.a */,
			);
			name = Frameworks;
			sourceTree = "<group>";
		};
		6003F593195388D20070C39A /* Example for DashSync */ = {
			isa = PBXGroup;
			children = (
				FB90D2B120BD2BA5002B7956 /* Sporks */,
				FB6DC62620AB63B600E35EED /* View Controllers */,
				FB763C5720897B8600CDBA57 /* Wallet */,
				FB763C5320897AE500CDBA57 /* Cells */,
				6003F59C195388D20070C39A /* DSAppDelegate.h */,
				6003F59D195388D20070C39A /* DSAppDelegate.m */,
				873B8AEA1B1F5CCA007FD442 /* Main.storyboard */,
				71719F9D1E33DC2100824A3D /* LaunchScreen.storyboard */,
				6003F5A8195388D20070C39A /* Images.xcassets */,
				6003F594195388D20070C39A /* Supporting Files */,
			);
			name = "Example for DashSync";
			path = DashSync;
			sourceTree = "<group>";
		};
		6003F594195388D20070C39A /* Supporting Files */ = {
			isa = PBXGroup;
			children = (
				6003F595195388D20070C39A /* DashSync-Info.plist */,
				6003F596195388D20070C39A /* InfoPlist.strings */,
				6003F599195388D20070C39A /* main.m */,
				6003F59B195388D20070C39A /* DashSync-Prefix.pch */,
			);
			name = "Supporting Files";
			sourceTree = "<group>";
		};
		6003F5B5195388D20070C39A /* Tests */ = {
			isa = PBXGroup;
			children = (
				6003F5BB195388D20070C39A /* Tests.m */,
				6003F5B6195388D20070C39A /* Supporting Files */,
			);
			path = Tests;
			sourceTree = "<group>";
		};
		6003F5B6195388D20070C39A /* Supporting Files */ = {
			isa = PBXGroup;
			children = (
				6003F5B7195388D20070C39A /* Tests-Info.plist */,
				6003F5B8195388D20070C39A /* InfoPlist.strings */,
				606FC2411953D9B200FFA9A0 /* Tests-Prefix.pch */,
			);
			name = "Supporting Files";
			sourceTree = "<group>";
		};
		60FF7A9C1954A5C5007DD14C /* Podspec Metadata */ = {
			isa = PBXGroup;
			children = (
				64A245673BBAE1DA7DAB4907 /* DashSync.podspec */,
				E47ABFD6469F1FD556CDA6C7 /* README.md */,
				27552411E6D7D4041AC16526 /* LICENSE */,
			);
			name = "Podspec Metadata";
			sourceTree = "<group>";
		};
		83DC6095687FDE098549FF30 /* Pods */ = {
			isa = PBXGroup;
			children = (
				98472781BAD8800EFF391FA4 /* Pods-DashSync_Example.debug.xcconfig */,
				2CB0B2B92A8EA70CAE7DC362 /* Pods-DashSync_Example.release.xcconfig */,
				C90A9AD2C32828341F0E6915 /* Pods-DashSync_Tests.debug.xcconfig */,
				DFA886AB709D97089A70E82A /* Pods-DashSync_Tests.release.xcconfig */,
			);
			name = Pods;
			sourceTree = "<group>";
		};
		FB6DC62620AB63B600E35EED /* View Controllers */ = {
			isa = PBXGroup;
			children = (
				6003F5A5195388D20070C39A /* DSSyncViewController.h */,
				6003F5A6195388D20070C39A /* DSSyncViewController.m */,
				FB6DC62320AB63AC00E35EED /* DSSettingsViewController.h */,
				FB6DC62420AB63AC00E35EED /* DSSettingsViewController.m */,
				FB6DC62720AB64F400E35EED /* DSChainsViewController.h */,
				FB6DC62820AB64F400E35EED /* DSChainsViewController.m */,
			);
			name = "View Controllers";
			sourceTree = "<group>";
		};
		FB763C5320897AE500CDBA57 /* Cells */ = {
			isa = PBXGroup;
			children = (
				FB763C5420897B0F00CDBA57 /* DSWalletTableViewCell.h */,
				FB763C5520897B0F00CDBA57 /* DSWalletTableViewCell.m */,
				FB763C632089B0A700CDBA57 /* DSAddressTableViewCell.h */,
				FB763C642089B0A700CDBA57 /* DSAddressTableViewCell.m */,
				FB6DC62A20AB678500E35EED /* DSChainTableViewCell.h */,
				FB6DC62B20AB678500E35EED /* DSChainTableViewCell.m */,
				FB90D2B520BD2CFA002B7956 /* DSSporkTableViewCell.h */,
				FB90D2B620BD2CFA002B7956 /* DSSporkTableViewCell.m */,
			);
			name = Cells;
			sourceTree = "<group>";
		};
		FB763C5720897B8600CDBA57 /* Wallet */ = {
			isa = PBXGroup;
			children = (
				FB763C502089776A00CDBA57 /* DSWalletViewController.h */,
				FB763C512089776A00CDBA57 /* DSWalletViewController.m */,
				FB763C602089AF9500CDBA57 /* DSStandaloneAddressesViewController.h */,
				FB763C612089AF9500CDBA57 /* DSStandaloneAddressesViewController.m */,
				FB6DC63120AE082400E35EED /* DSWalletInputPhraseViewController.h */,
				FB6DC63220AE082400E35EED /* DSWalletInputPhraseViewController.m */,
			);
			name = Wallet;
			sourceTree = "<group>";
		};
		FB90D2B120BD2BA5002B7956 /* Sporks */ = {
			isa = PBXGroup;
			children = (
				FB90D2B220BD2BDD002B7956 /* DSSporksViewController.h */,
				FB90D2B320BD2BDD002B7956 /* DSSporksViewController.m */,
			);
			name = Sporks;
			sourceTree = "<group>";
		};
/* End PBXGroup section */

/* Begin PBXNativeTarget section */
		6003F589195388D20070C39A /* DashSync_Example */ = {
			isa = PBXNativeTarget;
			buildConfigurationList = 6003F5BF195388D20070C39A /* Build configuration list for PBXNativeTarget "DashSync_Example" */;
			buildPhases = (
				BA464DCB59BC59A2B2C9AAD7 /* [CP] Check Pods Manifest.lock */,
				6003F586195388D20070C39A /* Sources */,
				6003F587195388D20070C39A /* Frameworks */,
				6003F588195388D20070C39A /* Resources */,
				F3524DD5332FD019D466B225 /* [CP] Copy Pods Resources */,
			);
			buildRules = (
			);
			dependencies = (
			);
			name = DashSync_Example;
			productName = DashSync;
			productReference = 6003F58A195388D20070C39A /* DashSync_Example.app */;
			productType = "com.apple.product-type.application";
		};
		6003F5AD195388D20070C39A /* DashSync_Tests */ = {
			isa = PBXNativeTarget;
			buildConfigurationList = 6003F5C2195388D20070C39A /* Build configuration list for PBXNativeTarget "DashSync_Tests" */;
			buildPhases = (
				1A450F2773F81BAA9F430A99 /* [CP] Check Pods Manifest.lock */,
				6003F5AA195388D20070C39A /* Sources */,
				6003F5AB195388D20070C39A /* Frameworks */,
				6003F5AC195388D20070C39A /* Resources */,
			);
			buildRules = (
			);
			dependencies = (
				6003F5B4195388D20070C39A /* PBXTargetDependency */,
			);
			name = DashSync_Tests;
			productName = DashSyncTests;
			productReference = 6003F5AE195388D20070C39A /* DashSync_Tests.xctest */;
			productType = "com.apple.product-type.bundle.unit-test";
		};
/* End PBXNativeTarget section */

/* Begin PBXProject section */
		6003F582195388D10070C39A /* Project object */ = {
			isa = PBXProject;
			attributes = {
				CLASSPREFIX = DS;
				LastUpgradeCheck = 0720;
				ORGANIZATIONNAME = "Andrew Podkovyrin";
				TargetAttributes = {
					6003F5AD195388D20070C39A = {
						TestTargetID = 6003F589195388D20070C39A;
					};
				};
			};
			buildConfigurationList = 6003F585195388D10070C39A /* Build configuration list for PBXProject "DashSync" */;
			compatibilityVersion = "Xcode 3.2";
			developmentRegion = English;
			hasScannedForEncodings = 0;
			knownRegions = (
				en,
				Base,
			);
			mainGroup = 6003F581195388D10070C39A;
			productRefGroup = 6003F58B195388D20070C39A /* Products */;
			projectDirPath = "";
			projectRoot = "";
			targets = (
				6003F589195388D20070C39A /* DashSync_Example */,
				6003F5AD195388D20070C39A /* DashSync_Tests */,
			);
		};
/* End PBXProject section */

/* Begin PBXResourcesBuildPhase section */
		6003F588195388D20070C39A /* Resources */ = {
			isa = PBXResourcesBuildPhase;
			buildActionMask = 2147483647;
			files = (
				873B8AEB1B1F5CCA007FD442 /* Main.storyboard in Resources */,
				71719F9F1E33DC2100824A3D /* LaunchScreen.storyboard in Resources */,
				6003F5A9195388D20070C39A /* Images.xcassets in Resources */,
				6003F598195388D20070C39A /* InfoPlist.strings in Resources */,
			);
			runOnlyForDeploymentPostprocessing = 0;
		};
		6003F5AC195388D20070C39A /* Resources */ = {
			isa = PBXResourcesBuildPhase;
			buildActionMask = 2147483647;
			files = (
				6003F5BA195388D20070C39A /* InfoPlist.strings in Resources */,
			);
			runOnlyForDeploymentPostprocessing = 0;
		};
/* End PBXResourcesBuildPhase section */

/* Begin PBXShellScriptBuildPhase section */
		1A450F2773F81BAA9F430A99 /* [CP] Check Pods Manifest.lock */ = {
			isa = PBXShellScriptBuildPhase;
			buildActionMask = 2147483647;
			files = (
			);
			inputPaths = (
				"${PODS_PODFILE_DIR_PATH}/Podfile.lock",
				"${PODS_ROOT}/Manifest.lock",
			);
			name = "[CP] Check Pods Manifest.lock";
			outputPaths = (
				"$(DERIVED_FILE_DIR)/Pods-DashSync_Tests-checkManifestLockResult.txt",
			);
			runOnlyForDeploymentPostprocessing = 0;
			shellPath = /bin/sh;
			shellScript = "diff \"${PODS_PODFILE_DIR_PATH}/Podfile.lock\" \"${PODS_ROOT}/Manifest.lock\" > /dev/null\nif [ $? != 0 ] ; then\n    # print error to STDERR\n    echo \"error: The sandbox is not in sync with the Podfile.lock. Run 'pod install' or update your CocoaPods installation.\" >&2\n    exit 1\nfi\n# This output is used by Xcode 'outputs' to avoid re-running this script phase.\necho \"SUCCESS\" > \"${SCRIPT_OUTPUT_FILE_0}\"\n";
			showEnvVarsInLog = 0;
		};
		BA464DCB59BC59A2B2C9AAD7 /* [CP] Check Pods Manifest.lock */ = {
			isa = PBXShellScriptBuildPhase;
			buildActionMask = 2147483647;
			files = (
			);
			inputPaths = (
				"${PODS_PODFILE_DIR_PATH}/Podfile.lock",
				"${PODS_ROOT}/Manifest.lock",
			);
			name = "[CP] Check Pods Manifest.lock";
			outputPaths = (
				"$(DERIVED_FILE_DIR)/Pods-DashSync_Example-checkManifestLockResult.txt",
			);
			runOnlyForDeploymentPostprocessing = 0;
			shellPath = /bin/sh;
			shellScript = "diff \"${PODS_PODFILE_DIR_PATH}/Podfile.lock\" \"${PODS_ROOT}/Manifest.lock\" > /dev/null\nif [ $? != 0 ] ; then\n    # print error to STDERR\n    echo \"error: The sandbox is not in sync with the Podfile.lock. Run 'pod install' or update your CocoaPods installation.\" >&2\n    exit 1\nfi\n# This output is used by Xcode 'outputs' to avoid re-running this script phase.\necho \"SUCCESS\" > \"${SCRIPT_OUTPUT_FILE_0}\"\n";
			showEnvVarsInLog = 0;
		};
		F3524DD5332FD019D466B225 /* [CP] Copy Pods Resources */ = {
			isa = PBXShellScriptBuildPhase;
			buildActionMask = 2147483647;
			files = (
			);
			inputPaths = (
				"${SRCROOT}/Pods/Target Support Files/Pods-DashSync_Example/Pods-DashSync_Example-resources.sh",
				"${PODS_CONFIGURATION_BUILD_DIR}/DashSync/DashSync.bundle",
			);
			name = "[CP] Copy Pods Resources";
			outputPaths = (
				"${TARGET_BUILD_DIR}/${UNLOCALIZED_RESOURCES_FOLDER_PATH}/DashSync.bundle",
			);
			runOnlyForDeploymentPostprocessing = 0;
			shellPath = /bin/sh;
			shellScript = "\"${SRCROOT}/Pods/Target Support Files/Pods-DashSync_Example/Pods-DashSync_Example-resources.sh\"\n";
			showEnvVarsInLog = 0;
		};
/* End PBXShellScriptBuildPhase section */

/* Begin PBXSourcesBuildPhase section */
		6003F586195388D20070C39A /* Sources */ = {
			isa = PBXSourcesBuildPhase;
			buildActionMask = 2147483647;
			files = (
				FB763C652089B0A700CDBA57 /* DSAddressTableViewCell.m in Sources */,
				6003F59E195388D20070C39A /* DSAppDelegate.m in Sources */,
				FB6DC62C20AB678500E35EED /* DSChainTableViewCell.m in Sources */,
				FB90D2B420BD2BDD002B7956 /* DSSporksViewController.m in Sources */,
				FB763C622089AF9500CDBA57 /* DSStandaloneAddressesViewController.m in Sources */,
				6003F5A7195388D20070C39A /* DSSyncViewController.m in Sources */,
				FB6DC62520AB63AC00E35EED /* DSSettingsViewController.m in Sources */,
				FB763C5620897B0F00CDBA57 /* DSWalletTableViewCell.m in Sources */,
				FB763C522089776A00CDBA57 /* DSWalletViewController.m in Sources */,
				FB6DC62920AB64F400E35EED /* DSChainsViewController.m in Sources */,
				6003F59A195388D20070C39A /* main.m in Sources */,
				FB6DC63320AE082400E35EED /* DSWalletInputPhraseViewController.m in Sources */,
				FB90D2B720BD2CFA002B7956 /* DSSporkTableViewCell.m in Sources */,
			);
			runOnlyForDeploymentPostprocessing = 0;
		};
		6003F5AA195388D20070C39A /* Sources */ = {
			isa = PBXSourcesBuildPhase;
			buildActionMask = 2147483647;
			files = (
				6003F5BC195388D20070C39A /* Tests.m in Sources */,
			);
			runOnlyForDeploymentPostprocessing = 0;
		};
/* End PBXSourcesBuildPhase section */

/* Begin PBXTargetDependency section */
		6003F5B4195388D20070C39A /* PBXTargetDependency */ = {
			isa = PBXTargetDependency;
			target = 6003F589195388D20070C39A /* DashSync_Example */;
			targetProxy = 6003F5B3195388D20070C39A /* PBXContainerItemProxy */;
		};
/* End PBXTargetDependency section */

/* Begin PBXVariantGroup section */
		6003F596195388D20070C39A /* InfoPlist.strings */ = {
			isa = PBXVariantGroup;
			children = (
				6003F597195388D20070C39A /* en */,
			);
			name = InfoPlist.strings;
			sourceTree = "<group>";
		};
		6003F5B8195388D20070C39A /* InfoPlist.strings */ = {
			isa = PBXVariantGroup;
			children = (
				6003F5B9195388D20070C39A /* en */,
			);
			name = InfoPlist.strings;
			sourceTree = "<group>";
		};
		71719F9D1E33DC2100824A3D /* LaunchScreen.storyboard */ = {
			isa = PBXVariantGroup;
			children = (
				71719F9E1E33DC2100824A3D /* Base */,
			);
			name = LaunchScreen.storyboard;
			sourceTree = "<group>";
		};
/* End PBXVariantGroup section */

/* Begin XCBuildConfiguration section */
		6003F5BD195388D20070C39A /* Debug */ = {
			isa = XCBuildConfiguration;
			buildSettings = {
				ALWAYS_SEARCH_USER_PATHS = NO;
				CLANG_CXX_LANGUAGE_STANDARD = "gnu++0x";
				CLANG_CXX_LIBRARY = "libc++";
				CLANG_ENABLE_MODULES = YES;
				CLANG_ENABLE_OBJC_ARC = YES;
				CLANG_WARN_BOOL_CONVERSION = YES;
				CLANG_WARN_CONSTANT_CONVERSION = YES;
				CLANG_WARN_DIRECT_OBJC_ISA_USAGE = YES_ERROR;
				CLANG_WARN_EMPTY_BODY = YES;
				CLANG_WARN_ENUM_CONVERSION = YES;
				CLANG_WARN_INT_CONVERSION = YES;
				CLANG_WARN_OBJC_ROOT_CLASS = YES_ERROR;
				CLANG_WARN__DUPLICATE_METHOD_MATCH = YES;
				"CODE_SIGN_IDENTITY[sdk=iphoneos*]" = "iPhone Developer";
				COPY_PHASE_STRIP = NO;
				ENABLE_TESTABILITY = YES;
				GCC_C_LANGUAGE_STANDARD = gnu99;
				GCC_DYNAMIC_NO_PIC = NO;
				GCC_OPTIMIZATION_LEVEL = 0;
				GCC_PREPROCESSOR_DEFINITIONS = (
					"DEBUG=1",
					"$(inherited)",
				);
				GCC_SYMBOLS_PRIVATE_EXTERN = NO;
				GCC_WARN_64_TO_32_BIT_CONVERSION = YES;
				GCC_WARN_ABOUT_RETURN_TYPE = YES_ERROR;
				GCC_WARN_UNDECLARED_SELECTOR = YES;
				GCC_WARN_UNINITIALIZED_AUTOS = YES_AGGRESSIVE;
				GCC_WARN_UNUSED_FUNCTION = YES;
				GCC_WARN_UNUSED_VARIABLE = YES;
				IPHONEOS_DEPLOYMENT_TARGET = 9.3;
				ONLY_ACTIVE_ARCH = YES;
				SDKROOT = iphoneos;
				TARGETED_DEVICE_FAMILY = "1,2";
			};
			name = Debug;
		};
		6003F5BE195388D20070C39A /* Release */ = {
			isa = XCBuildConfiguration;
			buildSettings = {
				ALWAYS_SEARCH_USER_PATHS = NO;
				CLANG_CXX_LANGUAGE_STANDARD = "gnu++0x";
				CLANG_CXX_LIBRARY = "libc++";
				CLANG_ENABLE_MODULES = YES;
				CLANG_ENABLE_OBJC_ARC = YES;
				CLANG_WARN_BOOL_CONVERSION = YES;
				CLANG_WARN_CONSTANT_CONVERSION = YES;
				CLANG_WARN_DIRECT_OBJC_ISA_USAGE = YES_ERROR;
				CLANG_WARN_EMPTY_BODY = YES;
				CLANG_WARN_ENUM_CONVERSION = YES;
				CLANG_WARN_INT_CONVERSION = YES;
				CLANG_WARN_OBJC_ROOT_CLASS = YES_ERROR;
				CLANG_WARN__DUPLICATE_METHOD_MATCH = YES;
				"CODE_SIGN_IDENTITY[sdk=iphoneos*]" = "iPhone Developer";
				COPY_PHASE_STRIP = YES;
				ENABLE_NS_ASSERTIONS = NO;
				GCC_C_LANGUAGE_STANDARD = gnu99;
				GCC_WARN_64_TO_32_BIT_CONVERSION = YES;
				GCC_WARN_ABOUT_RETURN_TYPE = YES_ERROR;
				GCC_WARN_UNDECLARED_SELECTOR = YES;
				GCC_WARN_UNINITIALIZED_AUTOS = YES_AGGRESSIVE;
				GCC_WARN_UNUSED_FUNCTION = YES;
				GCC_WARN_UNUSED_VARIABLE = YES;
				IPHONEOS_DEPLOYMENT_TARGET = 9.3;
				SDKROOT = iphoneos;
				TARGETED_DEVICE_FAMILY = "1,2";
				VALIDATE_PRODUCT = YES;
			};
			name = Release;
		};
		6003F5C0195388D20070C39A /* Debug */ = {
			isa = XCBuildConfiguration;
			baseConfigurationReference = 98472781BAD8800EFF391FA4 /* Pods-DashSync_Example.debug.xcconfig */;
			buildSettings = {
				ASSETCATALOG_COMPILER_APPICON_NAME = AppIcon;
				GCC_PRECOMPILE_PREFIX_HEADER = YES;
				GCC_PREFIX_HEADER = "DashSync/DashSync-Prefix.pch";
				INFOPLIST_FILE = "DashSync/DashSync-Info.plist";
				IPHONEOS_DEPLOYMENT_TARGET = 10.0;
				MODULE_NAME = ExampleApp;
				PRODUCT_BUNDLE_IDENTIFIER = "org.cocoapods.demo.${PRODUCT_NAME:rfc1034identifier}";
				PRODUCT_NAME = "$(TARGET_NAME)";
				WRAPPER_EXTENSION = app;
			};
			name = Debug;
		};
		6003F5C1195388D20070C39A /* Release */ = {
			isa = XCBuildConfiguration;
			baseConfigurationReference = 2CB0B2B92A8EA70CAE7DC362 /* Pods-DashSync_Example.release.xcconfig */;
			buildSettings = {
				ASSETCATALOG_COMPILER_APPICON_NAME = AppIcon;
				GCC_PRECOMPILE_PREFIX_HEADER = YES;
				GCC_PREFIX_HEADER = "DashSync/DashSync-Prefix.pch";
				INFOPLIST_FILE = "DashSync/DashSync-Info.plist";
				IPHONEOS_DEPLOYMENT_TARGET = 10.0;
				MODULE_NAME = ExampleApp;
				PRODUCT_BUNDLE_IDENTIFIER = "org.cocoapods.demo.${PRODUCT_NAME:rfc1034identifier}";
				PRODUCT_NAME = "$(TARGET_NAME)";
				WRAPPER_EXTENSION = app;
			};
			name = Release;
		};
		6003F5C3195388D20070C39A /* Debug */ = {
			isa = XCBuildConfiguration;
			baseConfigurationReference = C90A9AD2C32828341F0E6915 /* Pods-DashSync_Tests.debug.xcconfig */;
			buildSettings = {
				BUNDLE_LOADER = "$(TEST_HOST)";
				FRAMEWORK_SEARCH_PATHS = (
					"$(SDKROOT)/Developer/Library/Frameworks",
					"$(inherited)",
					"$(DEVELOPER_FRAMEWORKS_DIR)",
				);
				GCC_PRECOMPILE_PREFIX_HEADER = YES;
				GCC_PREFIX_HEADER = "Tests/Tests-Prefix.pch";
				GCC_PREPROCESSOR_DEFINITIONS = (
					"DEBUG=1",
					"$(inherited)",
				);
				INFOPLIST_FILE = "Tests/Tests-Info.plist";
				PRODUCT_BUNDLE_IDENTIFIER = "org.cocoapods.demo.${PRODUCT_NAME:rfc1034identifier}";
				PRODUCT_NAME = "$(TARGET_NAME)";
				TEST_HOST = "$(BUILT_PRODUCTS_DIR)/DashSync_Example.app/DashSync_Example";
				WRAPPER_EXTENSION = xctest;
			};
			name = Debug;
		};
		6003F5C4195388D20070C39A /* Release */ = {
			isa = XCBuildConfiguration;
			baseConfigurationReference = DFA886AB709D97089A70E82A /* Pods-DashSync_Tests.release.xcconfig */;
			buildSettings = {
				BUNDLE_LOADER = "$(TEST_HOST)";
				FRAMEWORK_SEARCH_PATHS = (
					"$(SDKROOT)/Developer/Library/Frameworks",
					"$(inherited)",
					"$(DEVELOPER_FRAMEWORKS_DIR)",
				);
				GCC_PRECOMPILE_PREFIX_HEADER = YES;
				GCC_PREFIX_HEADER = "Tests/Tests-Prefix.pch";
				INFOPLIST_FILE = "Tests/Tests-Info.plist";
				PRODUCT_BUNDLE_IDENTIFIER = "org.cocoapods.demo.${PRODUCT_NAME:rfc1034identifier}";
				PRODUCT_NAME = "$(TARGET_NAME)";
				TEST_HOST = "$(BUILT_PRODUCTS_DIR)/DashSync_Example.app/DashSync_Example";
				WRAPPER_EXTENSION = xctest;
			};
			name = Release;
		};
/* End XCBuildConfiguration section */

/* Begin XCConfigurationList section */
		6003F585195388D10070C39A /* Build configuration list for PBXProject "DashSync" */ = {
			isa = XCConfigurationList;
			buildConfigurations = (
				6003F5BD195388D20070C39A /* Debug */,
				6003F5BE195388D20070C39A /* Release */,
			);
			defaultConfigurationIsVisible = 0;
			defaultConfigurationName = Release;
		};
		6003F5BF195388D20070C39A /* Build configuration list for PBXNativeTarget "DashSync_Example" */ = {
			isa = XCConfigurationList;
			buildConfigurations = (
				6003F5C0195388D20070C39A /* Debug */,
				6003F5C1195388D20070C39A /* Release */,
			);
			defaultConfigurationIsVisible = 0;
			defaultConfigurationName = Release;
		};
		6003F5C2195388D20070C39A /* Build configuration list for PBXNativeTarget "DashSync_Tests" */ = {
			isa = XCConfigurationList;
			buildConfigurations = (
				6003F5C3195388D20070C39A /* Debug */,
				6003F5C4195388D20070C39A /* Release */,
			);
			defaultConfigurationIsVisible = 0;
			defaultConfigurationName = Release;
		};
/* End XCConfigurationList section */
	};
	rootObject = 6003F582195388D10070C39A /* Project object */;
}
