// !$*UTF8*$!
{
	archiveVersion = 1;
	classes = {
	};
	objectVersion = 50;
	objects = {

/* Begin PBXBuildFile section */
		0E2AF9E4981E5AF25F4B9C0E /* libPods-dapi-grpc-pod-installer.a in Frameworks */ = {isa = PBXBuildFile; fileRef = A39BAF923AA68A3904FB3306 /* libPods-dapi-grpc-pod-installer.a */; };
		2A152DD22623523C0093AE0D /* AppDelegate.m in Sources */ = {isa = PBXBuildFile; fileRef = 2A152DD12623523C0093AE0D /* AppDelegate.m */; };
		2A152DD52623523C0093AE0D /* SceneDelegate.m in Sources */ = {isa = PBXBuildFile; fileRef = 2A152DD42623523C0093AE0D /* SceneDelegate.m */; };
		2A152DD82623523C0093AE0D /* ViewController.m in Sources */ = {isa = PBXBuildFile; fileRef = 2A152DD72623523C0093AE0D /* ViewController.m */; };
		2A152DDB2623523C0093AE0D /* Main.storyboard in Resources */ = {isa = PBXBuildFile; fileRef = 2A152DD92623523C0093AE0D /* Main.storyboard */; };
		2A152DDD2623523D0093AE0D /* Assets.xcassets in Resources */ = {isa = PBXBuildFile; fileRef = 2A152DDC2623523D0093AE0D /* Assets.xcassets */; };
		2A152DE02623523D0093AE0D /* LaunchScreen.storyboard in Resources */ = {isa = PBXBuildFile; fileRef = 2A152DDE2623523D0093AE0D /* LaunchScreen.storyboard */; };
		2A152DE32623523D0093AE0D /* main.m in Sources */ = {isa = PBXBuildFile; fileRef = 2A152DE22623523D0093AE0D /* main.m */; };
/* End PBXBuildFile section */

/* Begin PBXFileReference section */
		2A152DCD2623523C0093AE0D /* dapi-grpc-pod-installer.app */ = {isa = PBXFileReference; explicitFileType = wrapper.application; includeInIndex = 0; path = "dapi-grpc-pod-installer.app"; sourceTree = BUILT_PRODUCTS_DIR; };
		2A152DD02623523C0093AE0D /* AppDelegate.h */ = {isa = PBXFileReference; lastKnownFileType = sourcecode.c.h; path = AppDelegate.h; sourceTree = "<group>"; };
		2A152DD12623523C0093AE0D /* AppDelegate.m */ = {isa = PBXFileReference; lastKnownFileType = sourcecode.c.objc; path = AppDelegate.m; sourceTree = "<group>"; };
		2A152DD32623523C0093AE0D /* SceneDelegate.h */ = {isa = PBXFileReference; lastKnownFileType = sourcecode.c.h; path = SceneDelegate.h; sourceTree = "<group>"; };
		2A152DD42623523C0093AE0D /* SceneDelegate.m */ = {isa = PBXFileReference; lastKnownFileType = sourcecode.c.objc; path = SceneDelegate.m; sourceTree = "<group>"; };
		2A152DD62623523C0093AE0D /* ViewController.h */ = {isa = PBXFileReference; lastKnownFileType = sourcecode.c.h; path = ViewController.h; sourceTree = "<group>"; };
		2A152DD72623523C0093AE0D /* ViewController.m */ = {isa = PBXFileReference; lastKnownFileType = sourcecode.c.objc; path = ViewController.m; sourceTree = "<group>"; };
		2A152DDA2623523C0093AE0D /* Base */ = {isa = PBXFileReference; lastKnownFileType = file.storyboard; name = Base; path = Base.lproj/Main.storyboard; sourceTree = "<group>"; };
		2A152DDC2623523D0093AE0D /* Assets.xcassets */ = {isa = PBXFileReference; lastKnownFileType = folder.assetcatalog; path = Assets.xcassets; sourceTree = "<group>"; };
		2A152DDF2623523D0093AE0D /* Base */ = {isa = PBXFileReference; lastKnownFileType = file.storyboard; name = Base; path = Base.lproj/LaunchScreen.storyboard; sourceTree = "<group>"; };
		2A152DE12623523D0093AE0D /* Info.plist */ = {isa = PBXFileReference; lastKnownFileType = text.plist.xml; path = Info.plist; sourceTree = "<group>"; };
		2A152DE22623523D0093AE0D /* main.m */ = {isa = PBXFileReference; lastKnownFileType = sourcecode.c.objc; path = main.m; sourceTree = "<group>"; };
		340CC4419F4296300B0B8E05 /* Pods-dapi-grpc-pod-installer.release.xcconfig */ = {isa = PBXFileReference; includeInIndex = 1; lastKnownFileType = text.xcconfig; name = "Pods-dapi-grpc-pod-installer.release.xcconfig"; path = "Target Support Files/Pods-dapi-grpc-pod-installer/Pods-dapi-grpc-pod-installer.release.xcconfig"; sourceTree = "<group>"; };
		53D7D97C0B28E28BD86F99C7 /* Pods-dapi-grpc-pod-installer.debug.xcconfig */ = {isa = PBXFileReference; includeInIndex = 1; lastKnownFileType = text.xcconfig; name = "Pods-dapi-grpc-pod-installer.debug.xcconfig"; path = "Target Support Files/Pods-dapi-grpc-pod-installer/Pods-dapi-grpc-pod-installer.debug.xcconfig"; sourceTree = "<group>"; };
		A39BAF923AA68A3904FB3306 /* libPods-dapi-grpc-pod-installer.a */ = {isa = PBXFileReference; explicitFileType = archive.ar; includeInIndex = 0; path = "libPods-dapi-grpc-pod-installer.a"; sourceTree = BUILT_PRODUCTS_DIR; };
/* End PBXFileReference section */

/* Begin PBXFrameworksBuildPhase section */
		2A152DCA2623523C0093AE0D /* Frameworks */ = {
			isa = PBXFrameworksBuildPhase;
			buildActionMask = 2147483647;
			files = (
				0E2AF9E4981E5AF25F4B9C0E /* libPods-dapi-grpc-pod-installer.a in Frameworks */,
			);
			runOnlyForDeploymentPostprocessing = 0;
		};
/* End PBXFrameworksBuildPhase section */

/* Begin PBXGroup section */
		273F13B11399FBED949AADBE /* Pods */ = {
			isa = PBXGroup;
			children = (
				53D7D97C0B28E28BD86F99C7 /* Pods-dapi-grpc-pod-installer.debug.xcconfig */,
				340CC4419F4296300B0B8E05 /* Pods-dapi-grpc-pod-installer.release.xcconfig */,
			);
			name = Pods;
			path = Pods;
			sourceTree = "<group>";
		};
		2A152DC42623523C0093AE0D = {
			isa = PBXGroup;
			children = (
				2A152DCF2623523C0093AE0D /* dapi-grpc-pod-installer */,
				2A152DCE2623523C0093AE0D /* Products */,
				273F13B11399FBED949AADBE /* Pods */,
				5A6981ABF96FE3BE96D84707 /* Frameworks */,
			);
			sourceTree = "<group>";
		};
		2A152DCE2623523C0093AE0D /* Products */ = {
			isa = PBXGroup;
			children = (
				2A152DCD2623523C0093AE0D /* dapi-grpc-pod-installer.app */,
			);
			name = Products;
			sourceTree = "<group>";
		};
		2A152DCF2623523C0093AE0D /* dapi-grpc-pod-installer */ = {
			isa = PBXGroup;
			children = (
				2A152DD02623523C0093AE0D /* AppDelegate.h */,
				2A152DD12623523C0093AE0D /* AppDelegate.m */,
				2A152DD32623523C0093AE0D /* SceneDelegate.h */,
				2A152DD42623523C0093AE0D /* SceneDelegate.m */,
				2A152DD62623523C0093AE0D /* ViewController.h */,
				2A152DD72623523C0093AE0D /* ViewController.m */,
				2A152DD92623523C0093AE0D /* Main.storyboard */,
				2A152DDC2623523D0093AE0D /* Assets.xcassets */,
				2A152DDE2623523D0093AE0D /* LaunchScreen.storyboard */,
				2A152DE12623523D0093AE0D /* Info.plist */,
				2A152DE22623523D0093AE0D /* main.m */,
			);
			path = "dapi-grpc-pod-installer";
			sourceTree = "<group>";
		};
		5A6981ABF96FE3BE96D84707 /* Frameworks */ = {
			isa = PBXGroup;
			children = (
				A39BAF923AA68A3904FB3306 /* libPods-dapi-grpc-pod-installer.a */,
			);
			name = Frameworks;
			sourceTree = "<group>";
		};
/* End PBXGroup section */

/* Begin PBXNativeTarget section */
		2A152DCC2623523C0093AE0D /* dapi-grpc-pod-installer */ = {
			isa = PBXNativeTarget;
			buildConfigurationList = 2A152DE62623523D0093AE0D /* Build configuration list for PBXNativeTarget "dapi-grpc-pod-installer" */;
			buildPhases = (
				F85A6CFC9B4AC37007C6A082 /* [CP] Check Pods Manifest.lock */,
				2A152DC92623523C0093AE0D /* Sources */,
				2A152DCA2623523C0093AE0D /* Frameworks */,
				2A152DCB2623523C0093AE0D /* Resources */,
				30CC8C641744A840321E99B9 /* [CP] Copy Pods Resources */,
			);
			buildRules = (
			);
			dependencies = (
			);
			name = "dapi-grpc-pod-installer";
			productName = "dapi-grpc-pod-installer";
			productReference = 2A152DCD2623523C0093AE0D /* dapi-grpc-pod-installer.app */;
			productType = "com.apple.product-type.application";
		};
/* End PBXNativeTarget section */

/* Begin PBXProject section */
		2A152DC52623523C0093AE0D /* Project object */ = {
			isa = PBXProject;
			attributes = {
				LastUpgradeCheck = 1240;
				TargetAttributes = {
					2A152DCC2623523C0093AE0D = {
						CreatedOnToolsVersion = 12.4;
					};
				};
			};
			buildConfigurationList = 2A152DC82623523C0093AE0D /* Build configuration list for PBXProject "dapi-grpc-pod-installer" */;
			compatibilityVersion = "Xcode 9.3";
			developmentRegion = en;
			hasScannedForEncodings = 0;
			knownRegions = (
				en,
				Base,
			);
			mainGroup = 2A152DC42623523C0093AE0D;
			productRefGroup = 2A152DCE2623523C0093AE0D /* Products */;
			projectDirPath = "";
			projectRoot = "";
			targets = (
				2A152DCC2623523C0093AE0D /* dapi-grpc-pod-installer */,
			);
		};
/* End PBXProject section */

/* Begin PBXResourcesBuildPhase section */
		2A152DCB2623523C0093AE0D /* Resources */ = {
			isa = PBXResourcesBuildPhase;
			buildActionMask = 2147483647;
			files = (
				2A152DE02623523D0093AE0D /* LaunchScreen.storyboard in Resources */,
				2A152DDD2623523D0093AE0D /* Assets.xcassets in Resources */,
				2A152DDB2623523C0093AE0D /* Main.storyboard in Resources */,
			);
			runOnlyForDeploymentPostprocessing = 0;
		};
/* End PBXResourcesBuildPhase section */

/* Begin PBXShellScriptBuildPhase section */
		30CC8C641744A840321E99B9 /* [CP] Copy Pods Resources */ = {
			isa = PBXShellScriptBuildPhase;
			buildActionMask = 2147483647;
			files = (
			);
			inputFileListPaths = (
				"${PODS_ROOT}/Target Support Files/Pods-dapi-grpc-pod-installer/Pods-dapi-grpc-pod-installer-resources-${CONFIGURATION}-input-files.xcfilelist",
			);
			name = "[CP] Copy Pods Resources";
			outputFileListPaths = (
				"${PODS_ROOT}/Target Support Files/Pods-dapi-grpc-pod-installer/Pods-dapi-grpc-pod-installer-resources-${CONFIGURATION}-output-files.xcfilelist",
			);
			runOnlyForDeploymentPostprocessing = 0;
			shellPath = /bin/sh;
			shellScript = "\"${PODS_ROOT}/Target Support Files/Pods-dapi-grpc-pod-installer/Pods-dapi-grpc-pod-installer-resources.sh\"\n";
			showEnvVarsInLog = 0;
		};
		F85A6CFC9B4AC37007C6A082 /* [CP] Check Pods Manifest.lock */ = {
			isa = PBXShellScriptBuildPhase;
			buildActionMask = 2147483647;
			files = (
			);
			inputFileListPaths = (
			);
			inputPaths = (
				"${PODS_PODFILE_DIR_PATH}/Podfile.lock",
				"${PODS_ROOT}/Manifest.lock",
			);
			name = "[CP] Check Pods Manifest.lock";
			outputFileListPaths = (
			);
			outputPaths = (
				"$(DERIVED_FILE_DIR)/Pods-dapi-grpc-pod-installer-checkManifestLockResult.txt",
			);
			runOnlyForDeploymentPostprocessing = 0;
			shellPath = /bin/sh;
			shellScript = "diff \"${PODS_PODFILE_DIR_PATH}/Podfile.lock\" \"${PODS_ROOT}/Manifest.lock\" > /dev/null\nif [ $? != 0 ] ; then\n    # print error to STDERR\n    echo \"error: The sandbox is not in sync with the Podfile.lock. Run 'pod install' or update your CocoaPods installation.\" >&2\n    exit 1\nfi\n# This output is used by Xcode 'outputs' to avoid re-running this script phase.\necho \"SUCCESS\" > \"${SCRIPT_OUTPUT_FILE_0}\"\n";
			showEnvVarsInLog = 0;
		};
/* End PBXShellScriptBuildPhase section */

/* Begin PBXSourcesBuildPhase section */
		2A152DC92623523C0093AE0D /* Sources */ = {
			isa = PBXSourcesBuildPhase;
			buildActionMask = 2147483647;
			files = (
				2A152DD82623523C0093AE0D /* ViewController.m in Sources */,
				2A152DD22623523C0093AE0D /* AppDelegate.m in Sources */,
				2A152DE32623523D0093AE0D /* main.m in Sources */,
				2A152DD52623523C0093AE0D /* SceneDelegate.m in Sources */,
			);
			runOnlyForDeploymentPostprocessing = 0;
		};
/* End PBXSourcesBuildPhase section */

/* Begin PBXVariantGroup section */
		2A152DD92623523C0093AE0D /* Main.storyboard */ = {
			isa = PBXVariantGroup;
			children = (
				2A152DDA2623523C0093AE0D /* Base */,
			);
			name = Main.storyboard;
			sourceTree = "<group>";
		};
		2A152DDE2623523D0093AE0D /* LaunchScreen.storyboard */ = {
			isa = PBXVariantGroup;
			children = (
				2A152DDF2623523D0093AE0D /* Base */,
			);
			name = LaunchScreen.storyboard;
			sourceTree = "<group>";
		};
/* End PBXVariantGroup section */

/* Begin XCBuildConfiguration section */
		2A152DE42623523D0093AE0D /* Debug */ = {
			isa = XCBuildConfiguration;
			buildSettings = {
				ALWAYS_SEARCH_USER_PATHS = NO;
				CLANG_ANALYZER_NONNULL = YES;
				CLANG_ANALYZER_NUMBER_OBJECT_CONVERSION = YES_AGGRESSIVE;
				CLANG_CXX_LANGUAGE_STANDARD = "gnu++14";
				CLANG_CXX_LIBRARY = "libc++";
				CLANG_ENABLE_MODULES = YES;
				CLANG_ENABLE_OBJC_ARC = YES;
				CLANG_ENABLE_OBJC_WEAK = YES;
				CLANG_WARN_BLOCK_CAPTURE_AUTORELEASING = YES;
				CLANG_WARN_BOOL_CONVERSION = YES;
				CLANG_WARN_COMMA = YES;
				CLANG_WARN_CONSTANT_CONVERSION = YES;
				CLANG_WARN_DEPRECATED_OBJC_IMPLEMENTATIONS = YES;
				CLANG_WARN_DIRECT_OBJC_ISA_USAGE = YES_ERROR;
				CLANG_WARN_DOCUMENTATION_COMMENTS = YES;
				CLANG_WARN_EMPTY_BODY = YES;
				CLANG_WARN_ENUM_CONVERSION = YES;
				CLANG_WARN_INFINITE_RECURSION = YES;
				CLANG_WARN_INT_CONVERSION = YES;
				CLANG_WARN_NON_LITERAL_NULL_CONVERSION = YES;
				CLANG_WARN_OBJC_IMPLICIT_RETAIN_SELF = YES;
				CLANG_WARN_OBJC_LITERAL_CONVERSION = YES;
				CLANG_WARN_OBJC_ROOT_CLASS = YES_ERROR;
				CLANG_WARN_QUOTED_INCLUDE_IN_FRAMEWORK_HEADER = YES;
				CLANG_WARN_RANGE_LOOP_ANALYSIS = YES;
				CLANG_WARN_STRICT_PROTOTYPES = YES;
				CLANG_WARN_SUSPICIOUS_MOVE = YES;
				CLANG_WARN_UNGUARDED_AVAILABILITY = YES_AGGRESSIVE;
				CLANG_WARN_UNREACHABLE_CODE = YES;
				CLANG_WARN__DUPLICATE_METHOD_MATCH = YES;
				COPY_PHASE_STRIP = NO;
				DEBUG_INFORMATION_FORMAT = dwarf;
				ENABLE_STRICT_OBJC_MSGSEND = YES;
				ENABLE_TESTABILITY = YES;
				GCC_C_LANGUAGE_STANDARD = gnu11;
				GCC_DYNAMIC_NO_PIC = NO;
				GCC_NO_COMMON_BLOCKS = YES;
				GCC_OPTIMIZATION_LEVEL = 0;
				GCC_PREPROCESSOR_DEFINITIONS = (
					"DEBUG=1",
					"$(inherited)",
				);
				GCC_WARN_64_TO_32_BIT_CONVERSION = YES;
				GCC_WARN_ABOUT_RETURN_TYPE = YES_ERROR;
				GCC_WARN_UNDECLARED_SELECTOR = YES;
				GCC_WARN_UNINITIALIZED_AUTOS = YES_AGGRESSIVE;
				GCC_WARN_UNUSED_FUNCTION = YES;
				GCC_WARN_UNUSED_VARIABLE = YES;
				IPHONEOS_DEPLOYMENT_TARGET = 14.4;
				MTL_ENABLE_DEBUG_INFO = INCLUDE_SOURCE;
				MTL_FAST_MATH = YES;
				ONLY_ACTIVE_ARCH = YES;
				SDKROOT = iphoneos;
			};
			name = Debug;
		};
		2A152DE52623523D0093AE0D /* Release */ = {
			isa = XCBuildConfiguration;
			buildSettings = {
				ALWAYS_SEARCH_USER_PATHS = NO;
				CLANG_ANALYZER_NONNULL = YES;
				CLANG_ANALYZER_NUMBER_OBJECT_CONVERSION = YES_AGGRESSIVE;
				CLANG_CXX_LANGUAGE_STANDARD = "gnu++14";
				CLANG_CXX_LIBRARY = "libc++";
				CLANG_ENABLE_MODULES = YES;
				CLANG_ENABLE_OBJC_ARC = YES;
				CLANG_ENABLE_OBJC_WEAK = YES;
				CLANG_WARN_BLOCK_CAPTURE_AUTORELEASING = YES;
				CLANG_WARN_BOOL_CONVERSION = YES;
				CLANG_WARN_COMMA = YES;
				CLANG_WARN_CONSTANT_CONVERSION = YES;
				CLANG_WARN_DEPRECATED_OBJC_IMPLEMENTATIONS = YES;
				CLANG_WARN_DIRECT_OBJC_ISA_USAGE = YES_ERROR;
				CLANG_WARN_DOCUMENTATION_COMMENTS = YES;
				CLANG_WARN_EMPTY_BODY = YES;
				CLANG_WARN_ENUM_CONVERSION = YES;
				CLANG_WARN_INFINITE_RECURSION = YES;
				CLANG_WARN_INT_CONVERSION = YES;
				CLANG_WARN_NON_LITERAL_NULL_CONVERSION = YES;
				CLANG_WARN_OBJC_IMPLICIT_RETAIN_SELF = YES;
				CLANG_WARN_OBJC_LITERAL_CONVERSION = YES;
				CLANG_WARN_OBJC_ROOT_CLASS = YES_ERROR;
				CLANG_WARN_QUOTED_INCLUDE_IN_FRAMEWORK_HEADER = YES;
				CLANG_WARN_RANGE_LOOP_ANALYSIS = YES;
				CLANG_WARN_STRICT_PROTOTYPES = YES;
				CLANG_WARN_SUSPICIOUS_MOVE = YES;
				CLANG_WARN_UNGUARDED_AVAILABILITY = YES_AGGRESSIVE;
				CLANG_WARN_UNREACHABLE_CODE = YES;
				CLANG_WARN__DUPLICATE_METHOD_MATCH = YES;
				COPY_PHASE_STRIP = NO;
				DEBUG_INFORMATION_FORMAT = "dwarf-with-dsym";
				ENABLE_NS_ASSERTIONS = NO;
				ENABLE_STRICT_OBJC_MSGSEND = YES;
				GCC_C_LANGUAGE_STANDARD = gnu11;
				GCC_NO_COMMON_BLOCKS = YES;
				GCC_WARN_64_TO_32_BIT_CONVERSION = YES;
				GCC_WARN_ABOUT_RETURN_TYPE = YES_ERROR;
				GCC_WARN_UNDECLARED_SELECTOR = YES;
				GCC_WARN_UNINITIALIZED_AUTOS = YES_AGGRESSIVE;
				GCC_WARN_UNUSED_FUNCTION = YES;
				GCC_WARN_UNUSED_VARIABLE = YES;
				IPHONEOS_DEPLOYMENT_TARGET = 14.4;
				MTL_ENABLE_DEBUG_INFO = NO;
				MTL_FAST_MATH = YES;
				SDKROOT = iphoneos;
				VALIDATE_PRODUCT = YES;
			};
			name = Release;
		};
		2A152DE72623523D0093AE0D /* Debug */ = {
			isa = XCBuildConfiguration;
			baseConfigurationReference = 53D7D97C0B28E28BD86F99C7 /* Pods-dapi-grpc-pod-installer.debug.xcconfig */;
			buildSettings = {
				ASSETCATALOG_COMPILER_APPICON_NAME = AppIcon;
				ASSETCATALOG_COMPILER_GLOBAL_ACCENT_COLOR_NAME = AccentColor;
				CODE_SIGN_STYLE = Automatic;
				DEVELOPMENT_TEAM = 6PMBQR35S8;
				INFOPLIST_FILE = "dapi-grpc-pod-installer/Info.plist";
				LD_RUNPATH_SEARCH_PATHS = (
					"$(inherited)",
					"@executable_path/Frameworks",
				);
				PRODUCT_BUNDLE_IDENTIFIER = "podkovyr.dapi-grpc-pod-installer";
				PRODUCT_NAME = "$(TARGET_NAME)";
				TARGETED_DEVICE_FAMILY = "1,2";
			};
			name = Debug;
		};
		2A152DE82623523D0093AE0D /* Release */ = {
			isa = XCBuildConfiguration;
			baseConfigurationReference = 340CC4419F4296300B0B8E05 /* Pods-dapi-grpc-pod-installer.release.xcconfig */;
			buildSettings = {
				ASSETCATALOG_COMPILER_APPICON_NAME = AppIcon;
				ASSETCATALOG_COMPILER_GLOBAL_ACCENT_COLOR_NAME = AccentColor;
				CODE_SIGN_STYLE = Automatic;
				DEVELOPMENT_TEAM = 6PMBQR35S8;
				INFOPLIST_FILE = "dapi-grpc-pod-installer/Info.plist";
				LD_RUNPATH_SEARCH_PATHS = (
					"$(inherited)",
					"@executable_path/Frameworks",
				);
				PRODUCT_BUNDLE_IDENTIFIER = "podkovyr.dapi-grpc-pod-installer";
				PRODUCT_NAME = "$(TARGET_NAME)";
				TARGETED_DEVICE_FAMILY = "1,2";
			};
			name = Release;
		};
/* End XCBuildConfiguration section */

/* Begin XCConfigurationList section */
		2A152DC82623523C0093AE0D /* Build configuration list for PBXProject "dapi-grpc-pod-installer" */ = {
			isa = XCConfigurationList;
			buildConfigurations = (
				2A152DE42623523D0093AE0D /* Debug */,
				2A152DE52623523D0093AE0D /* Release */,
			);
			defaultConfigurationIsVisible = 0;
			defaultConfigurationName = Release;
		};
		2A152DE62623523D0093AE0D /* Build configuration list for PBXNativeTarget "dapi-grpc-pod-installer" */ = {
			isa = XCConfigurationList;
			buildConfigurations = (
				2A152DE72623523D0093AE0D /* Debug */,
				2A152DE82623523D0093AE0D /* Release */,
			);
			defaultConfigurationIsVisible = 0;
			defaultConfigurationName = Release;
		};
/* End XCConfigurationList section */
	};
	rootObject = 2A152DC52623523C0093AE0D /* Project object */;
}
